// !$*UTF8*$!
{
	archiveVersion = 1;
	classes = {
	};
	objectVersion = 55;
	objects = {

/* Begin PBXBuildFile section */
		6EC75C682885E40600C7A636 /* SwiftUI_TestApp.swift in Sources */ = {isa = PBXBuildFile; fileRef = 6EC75C672885E40600C7A636 /* SwiftUI_TestApp.swift */; };
		6EC75C6A2885E40600C7A636 /* ContentView.swift in Sources */ = {isa = PBXBuildFile; fileRef = 6EC75C692885E40600C7A636 /* ContentView.swift */; };
		6EC75C6C2885E40800C7A636 /* Assets.xcassets in Resources */ = {isa = PBXBuildFile; fileRef = 6EC75C6B2885E40800C7A636 /* Assets.xcassets */; };
		6EC75C6F2885E40800C7A636 /* Preview Assets.xcassets in Resources */ = {isa = PBXBuildFile; fileRef = 6EC75C6E2885E40800C7A636 /* Preview Assets.xcassets */; };
		6EC75C7A2885E40800C7A636 /* SwiftUI_TestTests.swift in Sources */ = {isa = PBXBuildFile; fileRef = 6EC75C792885E40800C7A636 /* SwiftUI_TestTests.swift */; };
		6EC75C842885E40800C7A636 /* SwiftUI_TestUITests.swift in Sources */ = {isa = PBXBuildFile; fileRef = 6EC75C832885E40800C7A636 /* SwiftUI_TestUITests.swift */; };
		6EC75C862885E40800C7A636 /* SwiftUI_TestUITestsLaunchTests.swift in Sources */ = {isa = PBXBuildFile; fileRef = 6EC75C852885E40800C7A636 /* SwiftUI_TestUITestsLaunchTests.swift */; };
		6EC75C932886FE9500C7A636 /* LargeAppBannerView.swift in Sources */ = {isa = PBXBuildFile; fileRef = 6EC75C922886FE9500C7A636 /* LargeAppBannerView.swift */; };
		6EC75C952886FED400C7A636 /* HalfAppBannerView.swift in Sources */ = {isa = PBXBuildFile; fileRef = 6EC75C942886FED400C7A636 /* HalfAppBannerView.swift */; };
		6EC75C972886FF0000C7A636 /* SmallAppBannerView.swift in Sources */ = {isa = PBXBuildFile; fileRef = 6EC75C962886FF0000C7A636 /* SmallAppBannerView.swift */; };
		6EC75C992886FF2A00C7A636 /* HomeView.swift in Sources */ = {isa = PBXBuildFile; fileRef = 6EC75C982886FF2A00C7A636 /* HomeView.swift */; };
		6EC75C9B2886FF3D00C7A636 /* AppLibraryView.swift in Sources */ = {isa = PBXBuildFile; fileRef = 6EC75C9A2886FF3D00C7A636 /* AppLibraryView.swift */; };
		6EC75C9D2886FF7900C7A636 /* IPAStoreVIew.swift in Sources */ = {isa = PBXBuildFile; fileRef = 6EC75C9C2886FF7800C7A636 /* IPAStoreVIew.swift */; };
		6EC75C9F2886FF8E00C7A636 /* SettingsView.swift in Sources */ = {isa = PBXBuildFile; fileRef = 6EC75C9E2886FF8E00C7A636 /* SettingsView.swift */; };
		6EC75CA12886FFA100C7A636 /* FAQView.swift in Sources */ = {isa = PBXBuildFile; fileRef = 6EC75CA02886FFA100C7A636 /* FAQView.swift */; };
		6EC75CA32886FFB600C7A636 /* AboutView.swift in Sources */ = {isa = PBXBuildFile; fileRef = 6EC75CA22886FFB600C7A636 /* AboutView.swift */; };
/* End PBXBuildFile section */

/* Begin PBXContainerItemProxy section */
		6EC75C762885E40800C7A636 /* PBXContainerItemProxy */ = {
			isa = PBXContainerItemProxy;
			containerPortal = 6EC75C5C2885E40600C7A636 /* Project object */;
			proxyType = 1;
			remoteGlobalIDString = 6EC75C632885E40600C7A636;
			remoteInfo = "SwiftUI Test";
		};
		6EC75C802885E40800C7A636 /* PBXContainerItemProxy */ = {
			isa = PBXContainerItemProxy;
			containerPortal = 6EC75C5C2885E40600C7A636 /* Project object */;
			proxyType = 1;
			remoteGlobalIDString = 6EC75C632885E40600C7A636;
			remoteInfo = "SwiftUI Test";
		};
/* End PBXContainerItemProxy section */

/* Begin PBXFileReference section */
		6EC75C642885E40600C7A636 /* SwiftUI Test.app */ = {isa = PBXFileReference; explicitFileType = wrapper.application; includeInIndex = 0; path = "SwiftUI Test.app"; sourceTree = BUILT_PRODUCTS_DIR; };
		6EC75C672885E40600C7A636 /* SwiftUI_TestApp.swift */ = {isa = PBXFileReference; lastKnownFileType = sourcecode.swift; path = SwiftUI_TestApp.swift; sourceTree = "<group>"; };
		6EC75C692885E40600C7A636 /* ContentView.swift */ = {isa = PBXFileReference; lastKnownFileType = sourcecode.swift; path = ContentView.swift; sourceTree = "<group>"; };
		6EC75C6B2885E40800C7A636 /* Assets.xcassets */ = {isa = PBXFileReference; lastKnownFileType = folder.assetcatalog; path = Assets.xcassets; sourceTree = "<group>"; };
		6EC75C6E2885E40800C7A636 /* Preview Assets.xcassets */ = {isa = PBXFileReference; lastKnownFileType = folder.assetcatalog; path = "Preview Assets.xcassets"; sourceTree = "<group>"; };
		6EC75C702885E40800C7A636 /* SwiftUI_Test.entitlements */ = {isa = PBXFileReference; lastKnownFileType = text.plist.entitlements; path = SwiftUI_Test.entitlements; sourceTree = "<group>"; };
		6EC75C752885E40800C7A636 /* SwiftUI TestTests.xctest */ = {isa = PBXFileReference; explicitFileType = wrapper.cfbundle; includeInIndex = 0; path = "SwiftUI TestTests.xctest"; sourceTree = BUILT_PRODUCTS_DIR; };
		6EC75C792885E40800C7A636 /* SwiftUI_TestTests.swift */ = {isa = PBXFileReference; lastKnownFileType = sourcecode.swift; path = SwiftUI_TestTests.swift; sourceTree = "<group>"; };
		6EC75C7F2885E40800C7A636 /* SwiftUI TestUITests.xctest */ = {isa = PBXFileReference; explicitFileType = wrapper.cfbundle; includeInIndex = 0; path = "SwiftUI TestUITests.xctest"; sourceTree = BUILT_PRODUCTS_DIR; };
		6EC75C832885E40800C7A636 /* SwiftUI_TestUITests.swift */ = {isa = PBXFileReference; lastKnownFileType = sourcecode.swift; path = SwiftUI_TestUITests.swift; sourceTree = "<group>"; };
		6EC75C852885E40800C7A636 /* SwiftUI_TestUITestsLaunchTests.swift */ = {isa = PBXFileReference; lastKnownFileType = sourcecode.swift; path = SwiftUI_TestUITestsLaunchTests.swift; sourceTree = "<group>"; };
		6EC75C922886FE9500C7A636 /* LargeAppBannerView.swift */ = {isa = PBXFileReference; lastKnownFileType = sourcecode.swift; path = LargeAppBannerView.swift; sourceTree = "<group>"; };
		6EC75C942886FED400C7A636 /* HalfAppBannerView.swift */ = {isa = PBXFileReference; lastKnownFileType = sourcecode.swift; path = HalfAppBannerView.swift; sourceTree = "<group>"; };
		6EC75C962886FF0000C7A636 /* SmallAppBannerView.swift */ = {isa = PBXFileReference; lastKnownFileType = sourcecode.swift; path = SmallAppBannerView.swift; sourceTree = "<group>"; };
		6EC75C982886FF2A00C7A636 /* HomeView.swift */ = {isa = PBXFileReference; lastKnownFileType = sourcecode.swift; path = HomeView.swift; sourceTree = "<group>"; };
		6EC75C9A2886FF3D00C7A636 /* AppLibraryView.swift */ = {isa = PBXFileReference; lastKnownFileType = sourcecode.swift; path = AppLibraryView.swift; sourceTree = "<group>"; };
		6EC75C9C2886FF7800C7A636 /* IPAStoreVIew.swift */ = {isa = PBXFileReference; lastKnownFileType = sourcecode.swift; path = IPAStoreVIew.swift; sourceTree = "<group>"; };
		6EC75C9E2886FF8E00C7A636 /* SettingsView.swift */ = {isa = PBXFileReference; lastKnownFileType = sourcecode.swift; path = SettingsView.swift; sourceTree = "<group>"; };
		6EC75CA02886FFA100C7A636 /* FAQView.swift */ = {isa = PBXFileReference; lastKnownFileType = sourcecode.swift; path = FAQView.swift; sourceTree = "<group>"; };
		6EC75CA22886FFB600C7A636 /* AboutView.swift */ = {isa = PBXFileReference; lastKnownFileType = sourcecode.swift; path = AboutView.swift; sourceTree = "<group>"; };
/* End PBXFileReference section */

/* Begin PBXFrameworksBuildPhase section */
		6EC75C612885E40600C7A636 /* Frameworks */ = {
			isa = PBXFrameworksBuildPhase;
			buildActionMask = 2147483647;
			files = (
			);
			runOnlyForDeploymentPostprocessing = 0;
		};
		6EC75C722885E40800C7A636 /* Frameworks */ = {
			isa = PBXFrameworksBuildPhase;
			buildActionMask = 2147483647;
			files = (
			);
			runOnlyForDeploymentPostprocessing = 0;
		};
		6EC75C7C2885E40800C7A636 /* Frameworks */ = {
			isa = PBXFrameworksBuildPhase;
			buildActionMask = 2147483647;
			files = (
			);
			runOnlyForDeploymentPostprocessing = 0;
		};
/* End PBXFrameworksBuildPhase section */

/* Begin PBXGroup section */
		6EC75C5B2885E40600C7A636 = {
			isa = PBXGroup;
			children = (
				6EC75C662885E40600C7A636 /* SwiftUI Test */,
				6EC75C782885E40800C7A636 /* SwiftUI TestTests */,
				6EC75C822885E40800C7A636 /* SwiftUI TestUITests */,
				6EC75C652885E40600C7A636 /* Products */,
			);
			sourceTree = "<group>";
		};
		6EC75C652885E40600C7A636 /* Products */ = {
			isa = PBXGroup;
			children = (
				6EC75C642885E40600C7A636 /* SwiftUI Test.app */,
				6EC75C752885E40800C7A636 /* SwiftUI TestTests.xctest */,
				6EC75C7F2885E40800C7A636 /* SwiftUI TestUITests.xctest */,
			);
			name = Products;
			sourceTree = "<group>";
		};
		6EC75C662885E40600C7A636 /* SwiftUI Test */ = {
			isa = PBXGroup;
			children = (
				6EC75C672885E40600C7A636 /* SwiftUI_TestApp.swift */,
				6EC75C692885E40600C7A636 /* ContentView.swift */,
				6EC75C6B2885E40800C7A636 /* Assets.xcassets */,
				6EC75C702885E40800C7A636 /* SwiftUI_Test.entitlements */,
				6EC75C6D2885E40800C7A636 /* Preview Content */,
				6EC75C922886FE9500C7A636 /* LargeAppBannerView.swift */,
				6EC75C942886FED400C7A636 /* HalfAppBannerView.swift */,
				6EC75C962886FF0000C7A636 /* SmallAppBannerView.swift */,
				6EC75C982886FF2A00C7A636 /* HomeView.swift */,
				6EC75C9A2886FF3D00C7A636 /* AppLibraryView.swift */,
				6EC75C9C2886FF7800C7A636 /* IPAStoreVIew.swift */,
				6EC75C9E2886FF8E00C7A636 /* SettingsView.swift */,
				6EC75CA02886FFA100C7A636 /* FAQView.swift */,
				6EC75CA22886FFB600C7A636 /* AboutView.swift */,
			);
			path = "SwiftUI Test";
			sourceTree = "<group>";
		};
		6EC75C6D2885E40800C7A636 /* Preview Content */ = {
			isa = PBXGroup;
			children = (
				6EC75C6E2885E40800C7A636 /* Preview Assets.xcassets */,
			);
			path = "Preview Content";
			sourceTree = "<group>";
		};
		6EC75C782885E40800C7A636 /* SwiftUI TestTests */ = {
			isa = PBXGroup;
			children = (
				6EC75C792885E40800C7A636 /* SwiftUI_TestTests.swift */,
			);
			path = "SwiftUI TestTests";
			sourceTree = "<group>";
		};
		6EC75C822885E40800C7A636 /* SwiftUI TestUITests */ = {
			isa = PBXGroup;
			children = (
				6EC75C832885E40800C7A636 /* SwiftUI_TestUITests.swift */,
				6EC75C852885E40800C7A636 /* SwiftUI_TestUITestsLaunchTests.swift */,
			);
			path = "SwiftUI TestUITests";
			sourceTree = "<group>";
		};
/* End PBXGroup section */

/* Begin PBXNativeTarget section */
		6EC75C632885E40600C7A636 /* SwiftUI Test */ = {
			isa = PBXNativeTarget;
			buildConfigurationList = 6EC75C892885E40800C7A636 /* Build configuration list for PBXNativeTarget "SwiftUI Test" */;
			buildPhases = (
				6EC75C602885E40600C7A636 /* Sources */,
				6EC75C612885E40600C7A636 /* Frameworks */,
				6EC75C622885E40600C7A636 /* Resources */,
			);
			buildRules = (
			);
			dependencies = (
			);
			name = "SwiftUI Test";
			productName = "SwiftUI Test";
			productReference = 6EC75C642885E40600C7A636 /* SwiftUI Test.app */;
			productType = "com.apple.product-type.application";
		};
		6EC75C742885E40800C7A636 /* SwiftUI TestTests */ = {
			isa = PBXNativeTarget;
			buildConfigurationList = 6EC75C8C2885E40800C7A636 /* Build configuration list for PBXNativeTarget "SwiftUI TestTests" */;
			buildPhases = (
				6EC75C712885E40800C7A636 /* Sources */,
				6EC75C722885E40800C7A636 /* Frameworks */,
				6EC75C732885E40800C7A636 /* Resources */,
			);
			buildRules = (
			);
			dependencies = (
				6EC75C772885E40800C7A636 /* PBXTargetDependency */,
			);
			name = "SwiftUI TestTests";
			productName = "SwiftUI TestTests";
			productReference = 6EC75C752885E40800C7A636 /* SwiftUI TestTests.xctest */;
			productType = "com.apple.product-type.bundle.unit-test";
		};
		6EC75C7E2885E40800C7A636 /* SwiftUI TestUITests */ = {
			isa = PBXNativeTarget;
			buildConfigurationList = 6EC75C8F2885E40800C7A636 /* Build configuration list for PBXNativeTarget "SwiftUI TestUITests" */;
			buildPhases = (
				6EC75C7B2885E40800C7A636 /* Sources */,
				6EC75C7C2885E40800C7A636 /* Frameworks */,
				6EC75C7D2885E40800C7A636 /* Resources */,
			);
			buildRules = (
			);
			dependencies = (
				6EC75C812885E40800C7A636 /* PBXTargetDependency */,
			);
			name = "SwiftUI TestUITests";
			productName = "SwiftUI TestUITests";
			productReference = 6EC75C7F2885E40800C7A636 /* SwiftUI TestUITests.xctest */;
			productType = "com.apple.product-type.bundle.ui-testing";
		};
/* End PBXNativeTarget section */

/* Begin PBXProject section */
		6EC75C5C2885E40600C7A636 /* Project object */ = {
			isa = PBXProject;
			attributes = {
				BuildIndependentTargetsInParallel = 1;
				LastSwiftUpdateCheck = 1340;
				LastUpgradeCheck = 1340;
				TargetAttributes = {
					6EC75C632885E40600C7A636 = {
						CreatedOnToolsVersion = 13.4.1;
					};
					6EC75C742885E40800C7A636 = {
						CreatedOnToolsVersion = 13.4.1;
						TestTargetID = 6EC75C632885E40600C7A636;
					};
					6EC75C7E2885E40800C7A636 = {
						CreatedOnToolsVersion = 13.4.1;
						TestTargetID = 6EC75C632885E40600C7A636;
					};
				};
			};
			buildConfigurationList = 6EC75C5F2885E40600C7A636 /* Build configuration list for PBXProject "SwiftUI Test" */;
			compatibilityVersion = "Xcode 13.0";
			developmentRegion = en;
			hasScannedForEncodings = 0;
			knownRegions = (
				en,
				Base,
			);
			mainGroup = 6EC75C5B2885E40600C7A636;
			productRefGroup = 6EC75C652885E40600C7A636 /* Products */;
			projectDirPath = "";
			projectRoot = "";
			targets = (
				6EC75C632885E40600C7A636 /* SwiftUI Test */,
				6EC75C742885E40800C7A636 /* SwiftUI TestTests */,
				6EC75C7E2885E40800C7A636 /* SwiftUI TestUITests */,
			);
		};
/* End PBXProject section */

/* Begin PBXResourcesBuildPhase section */
		6EC75C622885E40600C7A636 /* Resources */ = {
			isa = PBXResourcesBuildPhase;
			buildActionMask = 2147483647;
			files = (
				6EC75C6F2885E40800C7A636 /* Preview Assets.xcassets in Resources */,
				6EC75C6C2885E40800C7A636 /* Assets.xcassets in Resources */,
			);
			runOnlyForDeploymentPostprocessing = 0;
		};
		6EC75C732885E40800C7A636 /* Resources */ = {
			isa = PBXResourcesBuildPhase;
			buildActionMask = 2147483647;
			files = (
			);
			runOnlyForDeploymentPostprocessing = 0;
		};
		6EC75C7D2885E40800C7A636 /* Resources */ = {
			isa = PBXResourcesBuildPhase;
			buildActionMask = 2147483647;
			files = (
			);
			runOnlyForDeploymentPostprocessing = 0;
		};
/* End PBXResourcesBuildPhase section */

/* Begin PBXSourcesBuildPhase section */
		6EC75C602885E40600C7A636 /* Sources */ = {
			isa = PBXSourcesBuildPhase;
			buildActionMask = 2147483647;
			files = (
				6EC75C6A2885E40600C7A636 /* ContentView.swift in Sources */,
				6EC75C682885E40600C7A636 /* SwiftUI_TestApp.swift in Sources */,
				6EC75CA32886FFB600C7A636 /* AboutView.swift in Sources */,
				6EC75C972886FF0000C7A636 /* SmallAppBannerView.swift in Sources */,
				6EC75CA12886FFA100C7A636 /* FAQView.swift in Sources */,
				6EC75C9F2886FF8E00C7A636 /* SettingsView.swift in Sources */,
				6EC75C992886FF2A00C7A636 /* HomeView.swift in Sources */,
				6EC75C932886FE9500C7A636 /* LargeAppBannerView.swift in Sources */,
				6EC75C9B2886FF3D00C7A636 /* AppLibraryView.swift in Sources */,
				6EC75C952886FED400C7A636 /* HalfAppBannerView.swift in Sources */,
				6EC75C9D2886FF7900C7A636 /* IPAStoreVIew.swift in Sources */,
			);
			runOnlyForDeploymentPostprocessing = 0;
		};
		6EC75C712885E40800C7A636 /* Sources */ = {
			isa = PBXSourcesBuildPhase;
			buildActionMask = 2147483647;
			files = (
				6EC75C7A2885E40800C7A636 /* SwiftUI_TestTests.swift in Sources */,
			);
			runOnlyForDeploymentPostprocessing = 0;
		};
		6EC75C7B2885E40800C7A636 /* Sources */ = {
			isa = PBXSourcesBuildPhase;
			buildActionMask = 2147483647;
			files = (
				6EC75C862885E40800C7A636 /* SwiftUI_TestUITestsLaunchTests.swift in Sources */,
				6EC75C842885E40800C7A636 /* SwiftUI_TestUITests.swift in Sources */,
			);
			runOnlyForDeploymentPostprocessing = 0;
		};
/* End PBXSourcesBuildPhase section */

/* Begin PBXTargetDependency section */
		6EC75C772885E40800C7A636 /* PBXTargetDependency */ = {
			isa = PBXTargetDependency;
			target = 6EC75C632885E40600C7A636 /* SwiftUI Test */;
			targetProxy = 6EC75C762885E40800C7A636 /* PBXContainerItemProxy */;
		};
		6EC75C812885E40800C7A636 /* PBXTargetDependency */ = {
			isa = PBXTargetDependency;
			target = 6EC75C632885E40600C7A636 /* SwiftUI Test */;
			targetProxy = 6EC75C802885E40800C7A636 /* PBXContainerItemProxy */;
		};
/* End PBXTargetDependency section */

/* Begin XCBuildConfiguration section */
		6EC75C872885E40800C7A636 /* Debug */ = {
			isa = XCBuildConfiguration;
			buildSettings = {
				ALWAYS_SEARCH_USER_PATHS = NO;
				CLANG_ANALYZER_NONNULL = YES;
				CLANG_ANALYZER_NUMBER_OBJECT_CONVERSION = YES_AGGRESSIVE;
				CLANG_CXX_LANGUAGE_STANDARD = "gnu++17";
				CLANG_ENABLE_MODULES = YES;
				CLANG_ENABLE_OBJC_ARC = YES;
				CLANG_ENABLE_OBJC_WEAK = YES;
				CLANG_WARN_BLOCK_CAPTURE_AUTORELEASING = YES;
				CLANG_WARN_BOOL_CONVERSION = YES;
				CLANG_WARN_COMMA = YES;
				CLANG_WARN_CONSTANT_CONVERSION = YES;
				CLANG_WARN_DEPRECATED_OBJC_IMPLEMENTATIONS = YES;
				CLANG_WARN_DIRECT_OBJC_ISA_USAGE = YES_ERROR;
				CLANG_WARN_DOCUMENTATION_COMMENTS = YES;
				CLANG_WARN_EMPTY_BODY = YES;
				CLANG_WARN_ENUM_CONVERSION = YES;
				CLANG_WARN_INFINITE_RECURSION = YES;
				CLANG_WARN_INT_CONVERSION = YES;
				CLANG_WARN_NON_LITERAL_NULL_CONVERSION = YES;
				CLANG_WARN_OBJC_IMPLICIT_RETAIN_SELF = YES;
				CLANG_WARN_OBJC_LITERAL_CONVERSION = YES;
				CLANG_WARN_OBJC_ROOT_CLASS = YES_ERROR;
				CLANG_WARN_QUOTED_INCLUDE_IN_FRAMEWORK_HEADER = YES;
				CLANG_WARN_RANGE_LOOP_ANALYSIS = YES;
				CLANG_WARN_STRICT_PROTOTYPES = YES;
				CLANG_WARN_SUSPICIOUS_MOVE = YES;
				CLANG_WARN_UNGUARDED_AVAILABILITY = YES_AGGRESSIVE;
				CLANG_WARN_UNREACHABLE_CODE = YES;
				CLANG_WARN__DUPLICATE_METHOD_MATCH = YES;
				COPY_PHASE_STRIP = NO;
				DEBUG_INFORMATION_FORMAT = dwarf;
				ENABLE_STRICT_OBJC_MSGSEND = YES;
				ENABLE_TESTABILITY = YES;
				GCC_C_LANGUAGE_STANDARD = gnu11;
				GCC_DYNAMIC_NO_PIC = NO;
				GCC_NO_COMMON_BLOCKS = YES;
				GCC_OPTIMIZATION_LEVEL = 0;
				GCC_PREPROCESSOR_DEFINITIONS = (
					"DEBUG=1",
					"$(inherited)",
				);
				GCC_WARN_64_TO_32_BIT_CONVERSION = YES;
				GCC_WARN_ABOUT_RETURN_TYPE = YES_ERROR;
				GCC_WARN_UNDECLARED_SELECTOR = YES;
				GCC_WARN_UNINITIALIZED_AUTOS = YES_AGGRESSIVE;
				GCC_WARN_UNUSED_FUNCTION = YES;
				GCC_WARN_UNUSED_VARIABLE = YES;
				MACOSX_DEPLOYMENT_TARGET = 12.3;
				MTL_ENABLE_DEBUG_INFO = INCLUDE_SOURCE;
				MTL_FAST_MATH = YES;
				ONLY_ACTIVE_ARCH = YES;
				SDKROOT = macosx;
				SWIFT_ACTIVE_COMPILATION_CONDITIONS = DEBUG;
				SWIFT_OPTIMIZATION_LEVEL = "-Onone";
			};
			name = Debug;
		};
		6EC75C882885E40800C7A636 /* Release */ = {
			isa = XCBuildConfiguration;
			buildSettings = {
				ALWAYS_SEARCH_USER_PATHS = NO;
				CLANG_ANALYZER_NONNULL = YES;
				CLANG_ANALYZER_NUMBER_OBJECT_CONVERSION = YES_AGGRESSIVE;
				CLANG_CXX_LANGUAGE_STANDARD = "gnu++17";
				CLANG_ENABLE_MODULES = YES;
				CLANG_ENABLE_OBJC_ARC = YES;
				CLANG_ENABLE_OBJC_WEAK = YES;
				CLANG_WARN_BLOCK_CAPTURE_AUTORELEASING = YES;
				CLANG_WARN_BOOL_CONVERSION = YES;
				CLANG_WARN_COMMA = YES;
				CLANG_WARN_CONSTANT_CONVERSION = YES;
				CLANG_WARN_DEPRECATED_OBJC_IMPLEMENTATIONS = YES;
				CLANG_WARN_DIRECT_OBJC_ISA_USAGE = YES_ERROR;
				CLANG_WARN_DOCUMENTATION_COMMENTS = YES;
				CLANG_WARN_EMPTY_BODY = YES;
				CLANG_WARN_ENUM_CONVERSION = YES;
				CLANG_WARN_INFINITE_RECURSION = YES;
				CLANG_WARN_INT_CONVERSION = YES;
				CLANG_WARN_NON_LITERAL_NULL_CONVERSION = YES;
				CLANG_WARN_OBJC_IMPLICIT_RETAIN_SELF = YES;
				CLANG_WARN_OBJC_LITERAL_CONVERSION = YES;
				CLANG_WARN_OBJC_ROOT_CLASS = YES_ERROR;
				CLANG_WARN_QUOTED_INCLUDE_IN_FRAMEWORK_HEADER = YES;
				CLANG_WARN_RANGE_LOOP_ANALYSIS = YES;
				CLANG_WARN_STRICT_PROTOTYPES = YES;
				CLANG_WARN_SUSPICIOUS_MOVE = YES;
				CLANG_WARN_UNGUARDED_AVAILABILITY = YES_AGGRESSIVE;
				CLANG_WARN_UNREACHABLE_CODE = YES;
				CLANG_WARN__DUPLICATE_METHOD_MATCH = YES;
				COPY_PHASE_STRIP = NO;
				DEBUG_INFORMATION_FORMAT = "dwarf-with-dsym";
				ENABLE_NS_ASSERTIONS = NO;
				ENABLE_STRICT_OBJC_MSGSEND = YES;
				GCC_C_LANGUAGE_STANDARD = gnu11;
				GCC_NO_COMMON_BLOCKS = YES;
				GCC_WARN_64_TO_32_BIT_CONVERSION = YES;
				GCC_WARN_ABOUT_RETURN_TYPE = YES_ERROR;
				GCC_WARN_UNDECLARED_SELECTOR = YES;
				GCC_WARN_UNINITIALIZED_AUTOS = YES_AGGRESSIVE;
				GCC_WARN_UNUSED_FUNCTION = YES;
				GCC_WARN_UNUSED_VARIABLE = YES;
				MACOSX_DEPLOYMENT_TARGET = 12.3;
				MTL_ENABLE_DEBUG_INFO = NO;
				MTL_FAST_MATH = YES;
				SDKROOT = macosx;
				SWIFT_COMPILATION_MODE = wholemodule;
				SWIFT_OPTIMIZATION_LEVEL = "-O";
			};
			name = Release;
		};
		6EC75C8A2885E40800C7A636 /* Debug */ = {
			isa = XCBuildConfiguration;
			buildSettings = {
				ASSETCATALOG_COMPILER_APPICON_NAME = AppIcon;
				ASSETCATALOG_COMPILER_GLOBAL_ACCENT_COLOR_NAME = AccentColor;
				CODE_SIGN_ENTITLEMENTS = "SwiftUI Test/SwiftUI_Test.entitlements";
				CODE_SIGN_STYLE = Automatic;
				COMBINE_HIDPI_IMAGES = YES;
				CURRENT_PROJECT_VERSION = 1;
				DEVELOPMENT_ASSET_PATHS = "\"SwiftUI Test/Preview Content\"";
				ENABLE_PREVIEWS = YES;
				GENERATE_INFOPLIST_FILE = YES;
				INFOPLIST_KEY_NSHumanReadableCopyright = "";
				LD_RUNPATH_SEARCH_PATHS = (
					"$(inherited)",
					"@executable_path/../Frameworks",
				);
				MARKETING_VERSION = 1.0;
				PRODUCT_BUNDLE_IDENTIFIER = "com.IsaacMarovitz.SwiftUI-Test";
				PRODUCT_NAME = "$(TARGET_NAME)";
				SWIFT_EMIT_LOC_STRINGS = YES;
				SWIFT_VERSION = 5.0;
			};
			name = Debug;
		};
		6EC75C8B2885E40800C7A636 /* Release */ = {
			isa = XCBuildConfiguration;
			buildSettings = {
				ASSETCATALOG_COMPILER_APPICON_NAME = AppIcon;
				ASSETCATALOG_COMPILER_GLOBAL_ACCENT_COLOR_NAME = AccentColor;
				CODE_SIGN_ENTITLEMENTS = "SwiftUI Test/SwiftUI_Test.entitlements";
				CODE_SIGN_STYLE = Automatic;
				COMBINE_HIDPI_IMAGES = YES;
				CURRENT_PROJECT_VERSION = 1;
				DEVELOPMENT_ASSET_PATHS = "\"SwiftUI Test/Preview Content\"";
				ENABLE_PREVIEWS = YES;
				GENERATE_INFOPLIST_FILE = YES;
				INFOPLIST_KEY_NSHumanReadableCopyright = "";
				LD_RUNPATH_SEARCH_PATHS = (
					"$(inherited)",
					"@executable_path/../Frameworks",
				);
				MARKETING_VERSION = 1.0;
				PRODUCT_BUNDLE_IDENTIFIER = "com.IsaacMarovitz.SwiftUI-Test";
				PRODUCT_NAME = "$(TARGET_NAME)";
				SWIFT_EMIT_LOC_STRINGS = YES;
				SWIFT_VERSION = 5.0;
			};
			name = Release;
		};
		6EC75C8D2885E40800C7A636 /* Debug */ = {
			isa = XCBuildConfiguration;
			buildSettings = {
				ALWAYS_EMBED_SWIFT_STANDARD_LIBRARIES = YES;
				BUNDLE_LOADER = "$(TEST_HOST)";
				CODE_SIGN_STYLE = Automatic;
				CURRENT_PROJECT_VERSION = 1;
				GENERATE_INFOPLIST_FILE = YES;
				MACOSX_DEPLOYMENT_TARGET = 12.3;
				MARKETING_VERSION = 1.0;
				PRODUCT_BUNDLE_IDENTIFIER = "com.IsaacMarovitz.SwiftUI-TestTests";
				PRODUCT_NAME = "$(TARGET_NAME)";
				SWIFT_EMIT_LOC_STRINGS = NO;
				SWIFT_VERSION = 5.0;
				TEST_HOST = "$(BUILT_PRODUCTS_DIR)/SwiftUI Test.app/Contents/MacOS/SwiftUI Test";
			};
			name = Debug;
		};
		6EC75C8E2885E40800C7A636 /* Release */ = {
			isa = XCBuildConfiguration;
			buildSettings = {
				ALWAYS_EMBED_SWIFT_STANDARD_LIBRARIES = YES;
				BUNDLE_LOADER = "$(TEST_HOST)";
				CODE_SIGN_STYLE = Automatic;
				CURRENT_PROJECT_VERSION = 1;
				GENERATE_INFOPLIST_FILE = YES;
				MACOSX_DEPLOYMENT_TARGET = 12.3;
				MARKETING_VERSION = 1.0;
				PRODUCT_BUNDLE_IDENTIFIER = "com.IsaacMarovitz.SwiftUI-TestTests";
				PRODUCT_NAME = "$(TARGET_NAME)";
				SWIFT_EMIT_LOC_STRINGS = NO;
				SWIFT_VERSION = 5.0;
				TEST_HOST = "$(BUILT_PRODUCTS_DIR)/SwiftUI Test.app/Contents/MacOS/SwiftUI Test";
			};
			name = Release;
		};
		6EC75C902885E40800C7A636 /* Debug */ = {
			isa = XCBuildConfiguration;
			buildSettings = {
				ALWAYS_EMBED_SWIFT_STANDARD_LIBRARIES = YES;
				CODE_SIGN_STYLE = Automatic;
				CURRENT_PROJECT_VERSION = 1;
				GENERATE_INFOPLIST_FILE = YES;
				MARKETING_VERSION = 1.0;
				PRODUCT_BUNDLE_IDENTIFIER = "com.IsaacMarovitz.SwiftUI-TestUITests";
				PRODUCT_NAME = "$(TARGET_NAME)";
				SWIFT_EMIT_LOC_STRINGS = NO;
				SWIFT_VERSION = 5.0;
				TEST_TARGET_NAME = "SwiftUI Test";
			};
			name = Debug;
		};
		6EC75C912885E40800C7A636 /* Release */ = {
			isa = XCBuildConfiguration;
			buildSettings = {
				ALWAYS_EMBED_SWIFT_STANDARD_LIBRARIES = YES;
				CODE_SIGN_STYLE = Automatic;
				CURRENT_PROJECT_VERSION = 1;
				GENERATE_INFOPLIST_FILE = YES;
				MARKETING_VERSION = 1.0;
				PRODUCT_BUNDLE_IDENTIFIER = "com.IsaacMarovitz.SwiftUI-TestUITests";
				PRODUCT_NAME = "$(TARGET_NAME)";
				SWIFT_EMIT_LOC_STRINGS = NO;
				SWIFT_VERSION = 5.0;
				TEST_TARGET_NAME = "SwiftUI Test";
			};
			name = Release;
		};
/* End XCBuildConfiguration section */

/* Begin XCConfigurationList section */
		6EC75C5F2885E40600C7A636 /* Build configuration list for PBXProject "SwiftUI Test" */ = {
			isa = XCConfigurationList;
			buildConfigurations = (
				6EC75C872885E40800C7A636 /* Debug */,
				6EC75C882885E40800C7A636 /* Release */,
			);
			defaultConfigurationIsVisible = 0;
			defaultConfigurationName = Release;
		};
		6EC75C892885E40800C7A636 /* Build configuration list for PBXNativeTarget "SwiftUI Test" */ = {
			isa = XCConfigurationList;
			buildConfigurations = (
				6EC75C8A2885E40800C7A636 /* Debug */,
				6EC75C8B2885E40800C7A636 /* Release */,
			);
			defaultConfigurationIsVisible = 0;
			defaultConfigurationName = Release;
		};
		6EC75C8C2885E40800C7A636 /* Build configuration list for PBXNativeTarget "SwiftUI TestTests" */ = {
			isa = XCConfigurationList;
			buildConfigurations = (
				6EC75C8D2885E40800C7A636 /* Debug */,
				6EC75C8E2885E40800C7A636 /* Release */,
			);
			defaultConfigurationIsVisible = 0;
			defaultConfigurationName = Release;
		};
		6EC75C8F2885E40800C7A636 /* Build configuration list for PBXNativeTarget "SwiftUI TestUITests" */ = {
			isa = XCConfigurationList;
			buildConfigurations = (
				6EC75C902885E40800C7A636 /* Debug */,
				6EC75C912885E40800C7A636 /* Release */,
			);
			defaultConfigurationIsVisible = 0;
			defaultConfigurationName = Release;
		};
/* End XCConfigurationList section */
	};
	rootObject = 6EC75C5C2885E40600C7A636 /* Project object */;
}
